
Microsoft Visual Studio Solution File, Format Version 12.00
# Visual Studio Version 16
VisualStudioVersion = 16.0.31424.327
MinimumVisualStudioVersion = 10.0.40219.1
Project("{FAE04EC0-301F-11D3-BF4B-00C04F79EFBC}") = "Inventory", "Inventory\Inventory.csproj", "{B3300FF5-4DB1-4EDA-A09C-41968F2B3410}"
EndProject
Global
	GlobalSection(SolutionConfigurationPlatforms) = preSolution
		Debug|Any CPU = Debug|Any CPU
		Release|Any CPU = Release|Any CPU
	EndGlobalSection
	GlobalSection(ProjectConfigurationPlatforms) = postSolution
		{B3300FF5-4DB1-4EDA-A09C-41968F2B3410}.Debug|Any CPU.ActiveCfg = Debug|Any CPU
		{B3300FF5-4DB1-4EDA-A09C-41968F2B3410}.Debug|Any CPU.Build.0 = Debug|Any CPU
		{B3300FF5-4DB1-4EDA-A09C-41968F2B3410}.Release|Any CPU.ActiveCfg = Release|Any CPU
		{B3300FF5-4DB1-4EDA-A09C-41968F2B3410}.Release|Any CPU.Build.0 = Release|Any CPU
	EndGlobalSection
	GlobalSection(SolutionProperties) = preSolution
		HideSolutionNode = FALSE
	EndGlobalSection
	GlobalSection(ExtensibilityGlobals) = postSolution
		SolutionGuid = {E6144F4B-C9DE-42D9-973C-CC0D0E26623B}
	EndGlobalSection
EndGlobal
